// !$*UTF8*$!
{
	archiveVersion = 1;
	classes = {
	};
	objectVersion = 50;
	objects = {

/* Begin PBXBuildFile section */
		ABF2937525548FC300C997D7 /* AppDelegate.swift in Sources */ = {isa = PBXBuildFile; fileRef = ABF2937425548FC300C997D7 /* AppDelegate.swift */; };
		ABF2937725548FC300C997D7 /* SceneDelegate.swift in Sources */ = {isa = PBXBuildFile; fileRef = ABF2937625548FC300C997D7 /* SceneDelegate.swift */; };
		ABF2937925548FC300C997D7 /* ViewController.swift in Sources */ = {isa = PBXBuildFile; fileRef = ABF2937825548FC300C997D7 /* ViewController.swift */; };
		ABF2937C25548FC300C997D7 /* Main.storyboard in Resources */ = {isa = PBXBuildFile; fileRef = ABF2937A25548FC300C997D7 /* Main.storyboard */; };
		ABF2937E25548FC500C997D7 /* Assets.xcassets in Resources */ = {isa = PBXBuildFile; fileRef = ABF2937D25548FC500C997D7 /* Assets.xcassets */; };
		ABF2938125548FC500C997D7 /* LaunchScreen.storyboard in Resources */ = {isa = PBXBuildFile; fileRef = ABF2937F25548FC500C997D7 /* LaunchScreen.storyboard */; };
		ABF2938D25549B1200C997D7 /* MainTabBarViewController.swift in Sources */ = {isa = PBXBuildFile; fileRef = ABF2938C25549B1200C997D7 /* MainTabBarViewController.swift */; };
		ABF2939025549B6400C997D7 /* Albums.storyboard in Resources */ = {isa = PBXBuildFile; fileRef = ABF2938F25549B6400C997D7 /* Albums.storyboard */; };
		ABF2939325549BAC00C997D7 /* AlbumsTableViewController.swift in Sources */ = {isa = PBXBuildFile; fileRef = ABF2939225549BAC00C997D7 /* AlbumsTableViewController.swift */; };
		ABF2939625549CFF00C997D7 /* Contacts.storyboard in Resources */ = {isa = PBXBuildFile; fileRef = ABF2939525549CFF00C997D7 /* Contacts.storyboard */; };
		ABF2939925549D5800C997D7 /* ContactsListTableViewController.swift in Sources */ = {isa = PBXBuildFile; fileRef = ABF2939825549D5800C997D7 /* ContactsListTableViewController.swift */; };
		F933C27C2555B10A004DA3F3 /* AlbumDetailsViewController.swift in Sources */ = {isa = PBXBuildFile; fileRef = F933C27B2555B10A004DA3F3 /* AlbumDetailsViewController.swift */; };
		F933C2812555D213004DA3F3 /* AlbumAddNewElementTableViewController.swift in Sources */ = {isa = PBXBuildFile; fileRef = F933C2802555D213004DA3F3 /* AlbumAddNewElementTableViewController.swift */; };
		F9A2BF7D25553E4D00787776 /* AlbumTableViewCell.swift in Sources */ = {isa = PBXBuildFile; fileRef = F9A2BF7C25553E4D00787776 /* AlbumTableViewCell.swift */; };
		F9A2BF80255542CD00787776 /* Album.swift in Sources */ = {isa = PBXBuildFile; fileRef = F9A2BF7F255542CD00787776 /* Album.swift */; };
		F9A2BF86255542EB00787776 /* AlbumDataManager.swift in Sources */ = {isa = PBXBuildFile; fileRef = F9A2BF85255542EA00787776 /* AlbumDataManager.swift */; };
/* End PBXBuildFile section */

/* Begin PBXFileReference section */
		ABF2937125548FC300C997D7 /* teamApp.app */ = {isa = PBXFileReference; explicitFileType = wrapper.application; includeInIndex = 0; path = teamApp.app; sourceTree = BUILT_PRODUCTS_DIR; };
		ABF2937425548FC300C997D7 /* AppDelegate.swift */ = {isa = PBXFileReference; lastKnownFileType = sourcecode.swift; path = AppDelegate.swift; sourceTree = "<group>"; };
		ABF2937625548FC300C997D7 /* SceneDelegate.swift */ = {isa = PBXFileReference; lastKnownFileType = sourcecode.swift; path = SceneDelegate.swift; sourceTree = "<group>"; };
		ABF2937825548FC300C997D7 /* ViewController.swift */ = {isa = PBXFileReference; lastKnownFileType = sourcecode.swift; path = ViewController.swift; sourceTree = "<group>"; };
		ABF2937B25548FC300C997D7 /* Base */ = {isa = PBXFileReference; lastKnownFileType = file.storyboard; name = Base; path = Base.lproj/Main.storyboard; sourceTree = "<group>"; };
		ABF2937D25548FC500C997D7 /* Assets.xcassets */ = {isa = PBXFileReference; lastKnownFileType = folder.assetcatalog; path = Assets.xcassets; sourceTree = "<group>"; };
		ABF2938025548FC500C997D7 /* Base */ = {isa = PBXFileReference; lastKnownFileType = file.storyboard; name = Base; path = Base.lproj/LaunchScreen.storyboard; sourceTree = "<group>"; };
		ABF2938225548FC500C997D7 /* Info.plist */ = {isa = PBXFileReference; lastKnownFileType = text.plist.xml; path = Info.plist; sourceTree = "<group>"; };
		ABF2938C25549B1200C997D7 /* MainTabBarViewController.swift */ = {isa = PBXFileReference; lastKnownFileType = sourcecode.swift; path = MainTabBarViewController.swift; sourceTree = "<group>"; };
		ABF2938F25549B6400C997D7 /* Albums.storyboard */ = {isa = PBXFileReference; lastKnownFileType = file.storyboard; path = Albums.storyboard; sourceTree = "<group>"; };
		ABF2939225549BAC00C997D7 /* AlbumsTableViewController.swift */ = {isa = PBXFileReference; lastKnownFileType = sourcecode.swift; path = AlbumsTableViewController.swift; sourceTree = "<group>"; };
		ABF2939525549CFF00C997D7 /* Contacts.storyboard */ = {isa = PBXFileReference; lastKnownFileType = file.storyboard; path = Contacts.storyboard; sourceTree = "<group>"; };
		ABF2939825549D5800C997D7 /* ContactsListTableViewController.swift */ = {isa = PBXFileReference; lastKnownFileType = sourcecode.swift; path = ContactsListTableViewController.swift; sourceTree = "<group>"; };
		F933C27B2555B10A004DA3F3 /* AlbumDetailsViewController.swift */ = {isa = PBXFileReference; lastKnownFileType = sourcecode.swift; path = AlbumDetailsViewController.swift; sourceTree = "<group>"; };
		F933C2802555D213004DA3F3 /* AlbumAddNewElementTableViewController.swift */ = {isa = PBXFileReference; lastKnownFileType = sourcecode.swift; path = AlbumAddNewElementTableViewController.swift; sourceTree = "<group>"; };
		F9A2BF7C25553E4D00787776 /* AlbumTableViewCell.swift */ = {isa = PBXFileReference; lastKnownFileType = sourcecode.swift; path = AlbumTableViewCell.swift; sourceTree = "<group>"; };
		F9A2BF7F255542CD00787776 /* Album.swift */ = {isa = PBXFileReference; lastKnownFileType = sourcecode.swift; path = Album.swift; sourceTree = "<group>"; };
		F9A2BF85255542EA00787776 /* AlbumDataManager.swift */ = {isa = PBXFileReference; lastKnownFileType = sourcecode.swift; path = AlbumDataManager.swift; sourceTree = "<group>"; };
/* End PBXFileReference section */

/* Begin PBXFrameworksBuildPhase section */
		ABF2936E25548FC300C997D7 /* Frameworks */ = {
			isa = PBXFrameworksBuildPhase;
			buildActionMask = 2147483647;
			files = (
			);
			runOnlyForDeploymentPostprocessing = 0;
		};
/* End PBXFrameworksBuildPhase section */

/* Begin PBXGroup section */
		ABF2936825548FC300C997D7 = {
			isa = PBXGroup;
			children = (
				ABF2937325548FC300C997D7 /* teamApp */,
				ABF2937225548FC300C997D7 /* Products */,
			);
			sourceTree = "<group>";
		};
		ABF2937225548FC300C997D7 /* Products */ = {
			isa = PBXGroup;
			children = (
				ABF2937125548FC300C997D7 /* teamApp.app */,
			);
			name = Products;
			sourceTree = "<group>";
		};
		ABF2937325548FC300C997D7 /* teamApp */ = {
			isa = PBXGroup;
			children = (
				F9A2BF7A2554A68400787776 /* Services */,
				F9A2BF792554A36500787776 /* Models */,
				ABF29389255499E000C997D7 /* Controllers */,
				ABF2938A25549A1600C997D7 /* Storyboards */,
				ABF2937425548FC300C997D7 /* AppDelegate.swift */,
				ABF2937625548FC300C997D7 /* SceneDelegate.swift */,
				ABF2937D25548FC500C997D7 /* Assets.xcassets */,
				ABF2938225548FC500C997D7 /* Info.plist */,
			);
			path = teamApp;
			sourceTree = "<group>";
		};
		ABF29389255499E000C997D7 /* Controllers */ = {
			isa = PBXGroup;
			children = (
				F933C2802555D213004DA3F3 /* AlbumAddNewElementTableViewController.swift */,
				F933C27B2555B10A004DA3F3 /* AlbumDetailsViewController.swift */,
				ABF2939225549BAC00C997D7 /* AlbumsTableViewController.swift */,
				F9A2BF7C25553E4D00787776 /* AlbumTableViewCell.swift */,
				ABF2937825548FC300C997D7 /* ViewController.swift */,
				ABF2938C25549B1200C997D7 /* MainTabBarViewController.swift */,
				ABF2939825549D5800C997D7 /* ContactsListTableViewController.swift */,
			);
			path = Controllers;
			sourceTree = "<group>";
		};
		ABF2938A25549A1600C997D7 /* Storyboards */ = {
			isa = PBXGroup;
			children = (
				ABF2938F25549B6400C997D7 /* Albums.storyboard */,
				ABF2937F25548FC500C997D7 /* LaunchScreen.storyboard */,
				ABF2937A25548FC300C997D7 /* Main.storyboard */,
				ABF2939525549CFF00C997D7 /* Contacts.storyboard */,
			);
			path = Storyboards;
			sourceTree = "<group>";
		};
		F9A2BF792554A36500787776 /* Models */ = {
			isa = PBXGroup;
			children = (
				F9A2BF7F255542CD00787776 /* Album.swift */,
			);
			path = Models;
			sourceTree = "<group>";
		};
		F9A2BF7A2554A68400787776 /* Services */ = {
			isa = PBXGroup;
			children = (
				F9A2BF85255542EA00787776 /* AlbumDataManager.swift */,
			);
			path = Services;
			sourceTree = "<group>";
		};
/* End PBXGroup section */

/* Begin PBXNativeTarget section */
		ABF2937025548FC300C997D7 /* teamApp */ = {
			isa = PBXNativeTarget;
			buildConfigurationList = ABF2938525548FC500C997D7 /* Build configuration list for PBXNativeTarget "teamApp" */;
			buildPhases = (
				ABF2936D25548FC300C997D7 /* Sources */,
				ABF2936E25548FC300C997D7 /* Frameworks */,
				ABF2936F25548FC300C997D7 /* Resources */,
			);
			buildRules = (
			);
			dependencies = (
			);
			name = teamApp;
			productName = teamApp;
			productReference = ABF2937125548FC300C997D7 /* teamApp.app */;
			productType = "com.apple.product-type.application";
		};
/* End PBXNativeTarget section */

/* Begin PBXProject section */
		ABF2936925548FC300C997D7 /* Project object */ = {
			isa = PBXProject;
			attributes = {
				LastSwiftUpdateCheck = 1210;
				LastUpgradeCheck = 1210;
				TargetAttributes = {
					ABF2937025548FC300C997D7 = {
						CreatedOnToolsVersion = 12.1;
					};
				};
			};
			buildConfigurationList = ABF2936C25548FC300C997D7 /* Build configuration list for PBXProject "teamApp" */;
			compatibilityVersion = "Xcode 9.3";
			developmentRegion = en;
			hasScannedForEncodings = 0;
			knownRegions = (
				en,
				Base,
			);
			mainGroup = ABF2936825548FC300C997D7;
			productRefGroup = ABF2937225548FC300C997D7 /* Products */;
			projectDirPath = "";
			projectRoot = "";
			targets = (
				ABF2937025548FC300C997D7 /* teamApp */,
			);
		};
/* End PBXProject section */

/* Begin PBXResourcesBuildPhase section */
		ABF2936F25548FC300C997D7 /* Resources */ = {
			isa = PBXResourcesBuildPhase;
			buildActionMask = 2147483647;
			files = (
				ABF2939025549B6400C997D7 /* Albums.storyboard in Resources */,
				ABF2938125548FC500C997D7 /* LaunchScreen.storyboard in Resources */,
				ABF2939625549CFF00C997D7 /* Contacts.storyboard in Resources */,
				ABF2937E25548FC500C997D7 /* Assets.xcassets in Resources */,
				ABF2937C25548FC300C997D7 /* Main.storyboard in Resources */,
			);
			runOnlyForDeploymentPostprocessing = 0;
		};
/* End PBXResourcesBuildPhase section */

/* Begin PBXSourcesBuildPhase section */
		ABF2936D25548FC300C997D7 /* Sources */ = {
			isa = PBXSourcesBuildPhase;
			buildActionMask = 2147483647;
			files = (
				ABF2937925548FC300C997D7 /* ViewController.swift in Sources */,
				ABF2938D25549B1200C997D7 /* MainTabBarViewController.swift in Sources */,
				F933C27C2555B10A004DA3F3 /* AlbumDetailsViewController.swift in Sources */,
				F933C2812555D213004DA3F3 /* AlbumAddNewElementTableViewController.swift in Sources */,
				ABF2937525548FC300C997D7 /* AppDelegate.swift in Sources */,
				ABF2937725548FC300C997D7 /* SceneDelegate.swift in Sources */,
				F9A2BF7D25553E4D00787776 /* AlbumTableViewCell.swift in Sources */,
				ABF2939925549D5800C997D7 /* ContactsListTableViewController.swift in Sources */,
				ABF2939325549BAC00C997D7 /* AlbumsTableViewController.swift in Sources */,
				F9A2BF80255542CD00787776 /* Album.swift in Sources */,
				F9A2BF86255542EB00787776 /* AlbumDataManager.swift in Sources */,
			);
			runOnlyForDeploymentPostprocessing = 0;
		};
/* End PBXSourcesBuildPhase section */

/* Begin PBXVariantGroup section */
		ABF2937A25548FC300C997D7 /* Main.storyboard */ = {
			isa = PBXVariantGroup;
			children = (
				ABF2937B25548FC300C997D7 /* Base */,
			);
			name = Main.storyboard;
			sourceTree = "<group>";
		};
		ABF2937F25548FC500C997D7 /* LaunchScreen.storyboard */ = {
			isa = PBXVariantGroup;
			children = (
				ABF2938025548FC500C997D7 /* Base */,
			);
			name = LaunchScreen.storyboard;
			sourceTree = "<group>";
		};
/* End PBXVariantGroup section */

/* Begin XCBuildConfiguration section */
		ABF2938325548FC500C997D7 /* Debug */ = {
			isa = XCBuildConfiguration;
			buildSettings = {
				ALWAYS_SEARCH_USER_PATHS = NO;
				CLANG_ANALYZER_NONNULL = YES;
				CLANG_ANALYZER_NUMBER_OBJECT_CONVERSION = YES_AGGRESSIVE;
				CLANG_CXX_LANGUAGE_STANDARD = "gnu++14";
				CLANG_CXX_LIBRARY = "libc++";
				CLANG_ENABLE_MODULES = YES;
				CLANG_ENABLE_OBJC_ARC = YES;
				CLANG_ENABLE_OBJC_WEAK = YES;
				CLANG_WARN_BLOCK_CAPTURE_AUTORELEASING = YES;
				CLANG_WARN_BOOL_CONVERSION = YES;
				CLANG_WARN_COMMA = YES;
				CLANG_WARN_CONSTANT_CONVERSION = YES;
				CLANG_WARN_DEPRECATED_OBJC_IMPLEMENTATIONS = YES;
				CLANG_WARN_DIRECT_OBJC_ISA_USAGE = YES_ERROR;
				CLANG_WARN_DOCUMENTATION_COMMENTS = YES;
				CLANG_WARN_EMPTY_BODY = YES;
				CLANG_WARN_ENUM_CONVERSION = YES;
				CLANG_WARN_INFINITE_RECURSION = YES;
				CLANG_WARN_INT_CONVERSION = YES;
				CLANG_WARN_NON_LITERAL_NULL_CONVERSION = YES;
				CLANG_WARN_OBJC_IMPLICIT_RETAIN_SELF = YES;
				CLANG_WARN_OBJC_LITERAL_CONVERSION = YES;
				CLANG_WARN_OBJC_ROOT_CLASS = YES_ERROR;
				CLANG_WARN_QUOTED_INCLUDE_IN_FRAMEWORK_HEADER = YES;
				CLANG_WARN_RANGE_LOOP_ANALYSIS = YES;
				CLANG_WARN_STRICT_PROTOTYPES = YES;
				CLANG_WARN_SUSPICIOUS_MOVE = YES;
				CLANG_WARN_UNGUARDED_AVAILABILITY = YES_AGGRESSIVE;
				CLANG_WARN_UNREACHABLE_CODE = YES;
				CLANG_WARN__DUPLICATE_METHOD_MATCH = YES;
				COPY_PHASE_STRIP = NO;
				DEBUG_INFORMATION_FORMAT = dwarf;
				ENABLE_STRICT_OBJC_MSGSEND = YES;
				ENABLE_TESTABILITY = YES;
				GCC_C_LANGUAGE_STANDARD = gnu11;
				GCC_DYNAMIC_NO_PIC = NO;
				GCC_NO_COMMON_BLOCKS = YES;
				GCC_OPTIMIZATION_LEVEL = 0;
				GCC_PREPROCESSOR_DEFINITIONS = (
					"DEBUG=1",
					"$(inherited)",
				);
				GCC_WARN_64_TO_32_BIT_CONVERSION = YES;
				GCC_WARN_ABOUT_RETURN_TYPE = YES_ERROR;
				GCC_WARN_UNDECLARED_SELECTOR = YES;
				GCC_WARN_UNINITIALIZED_AUTOS = YES_AGGRESSIVE;
				GCC_WARN_UNUSED_FUNCTION = YES;
				GCC_WARN_UNUSED_VARIABLE = YES;
				IPHONEOS_DEPLOYMENT_TARGET = 14.1;
				MTL_ENABLE_DEBUG_INFO = INCLUDE_SOURCE;
				MTL_FAST_MATH = YES;
				ONLY_ACTIVE_ARCH = YES;
				SDKROOT = iphoneos;
				SWIFT_ACTIVE_COMPILATION_CONDITIONS = DEBUG;
				SWIFT_OPTIMIZATION_LEVEL = "-Onone";
			};
			name = Debug;
		};
		ABF2938425548FC500C997D7 /* Release */ = {
			isa = XCBuildConfiguration;
			buildSettings = {
				ALWAYS_SEARCH_USER_PATHS = NO;
				CLANG_ANALYZER_NONNULL = YES;
				CLANG_ANALYZER_NUMBER_OBJECT_CONVERSION = YES_AGGRESSIVE;
				CLANG_CXX_LANGUAGE_STANDARD = "gnu++14";
				CLANG_CXX_LIBRARY = "libc++";
				CLANG_ENABLE_MODULES = YES;
				CLANG_ENABLE_OBJC_ARC = YES;
				CLANG_ENABLE_OBJC_WEAK = YES;
				CLANG_WARN_BLOCK_CAPTURE_AUTORELEASING = YES;
				CLANG_WARN_BOOL_CONVERSION = YES;
				CLANG_WARN_COMMA = YES;
				CLANG_WARN_CONSTANT_CONVERSION = YES;
				CLANG_WARN_DEPRECATED_OBJC_IMPLEMENTATIONS = YES;
				CLANG_WARN_DIRECT_OBJC_ISA_USAGE = YES_ERROR;
				CLANG_WARN_DOCUMENTATION_COMMENTS = YES;
				CLANG_WARN_EMPTY_BODY = YES;
				CLANG_WARN_ENUM_CONVERSION = YES;
				CLANG_WARN_INFINITE_RECURSION = YES;
				CLANG_WARN_INT_CONVERSION = YES;
				CLANG_WARN_NON_LITERAL_NULL_CONVERSION = YES;
				CLANG_WARN_OBJC_IMPLICIT_RETAIN_SELF = YES;
				CLANG_WARN_OBJC_LITERAL_CONVERSION = YES;
				CLANG_WARN_OBJC_ROOT_CLASS = YES_ERROR;
				CLANG_WARN_QUOTED_INCLUDE_IN_FRAMEWORK_HEADER = YES;
				CLANG_WARN_RANGE_LOOP_ANALYSIS = YES;
				CLANG_WARN_STRICT_PROTOTYPES = YES;
				CLANG_WARN_SUSPICIOUS_MOVE = YES;
				CLANG_WARN_UNGUARDED_AVAILABILITY = YES_AGGRESSIVE;
				CLANG_WARN_UNREACHABLE_CODE = YES;
				CLANG_WARN__DUPLICATE_METHOD_MATCH = YES;
				COPY_PHASE_STRIP = NO;
				DEBUG_INFORMATION_FORMAT = "dwarf-with-dsym";
				ENABLE_NS_ASSERTIONS = NO;
				ENABLE_STRICT_OBJC_MSGSEND = YES;
				GCC_C_LANGUAGE_STANDARD = gnu11;
				GCC_NO_COMMON_BLOCKS = YES;
				GCC_WARN_64_TO_32_BIT_CONVERSION = YES;
				GCC_WARN_ABOUT_RETURN_TYPE = YES_ERROR;
				GCC_WARN_UNDECLARED_SELECTOR = YES;
				GCC_WARN_UNINITIALIZED_AUTOS = YES_AGGRESSIVE;
				GCC_WARN_UNUSED_FUNCTION = YES;
				GCC_WARN_UNUSED_VARIABLE = YES;
				IPHONEOS_DEPLOYMENT_TARGET = 14.1;
				MTL_ENABLE_DEBUG_INFO = NO;
				MTL_FAST_MATH = YES;
				SDKROOT = iphoneos;
				SWIFT_COMPILATION_MODE = wholemodule;
				SWIFT_OPTIMIZATION_LEVEL = "-O";
				VALIDATE_PRODUCT = YES;
			};
			name = Release;
		};
		ABF2938625548FC500C997D7 /* Debug */ = {
			isa = XCBuildConfiguration;
			buildSettings = {
				ASSETCATALOG_COMPILER_APPICON_NAME = AppIcon;
				ASSETCATALOG_COMPILER_GLOBAL_ACCENT_COLOR_NAME = AccentColor;
				CODE_SIGN_STYLE = Automatic;
				DEVELOPMENT_TEAM = 3D5DSM2U3L;
				INFOPLIST_FILE = teamApp/Info.plist;
				LD_RUNPATH_SEARCH_PATHS = (
					"$(inherited)",
					"@executable_path/Frameworks",
				);
				PRODUCT_BUNDLE_IDENTIFIER = com.lider.teamApp;
				PRODUCT_NAME = "$(TARGET_NAME)";
				SWIFT_VERSION = 5.0;
				TARGETED_DEVICE_FAMILY = 1;
			};
			name = Debug;
		};
		ABF2938725548FC500C997D7 /* Release */ = {
			isa = XCBuildConfiguration;
			buildSettings = {
				ASSETCATALOG_COMPILER_APPICON_NAME = AppIcon;
				ASSETCATALOG_COMPILER_GLOBAL_ACCENT_COLOR_NAME = AccentColor;
				CODE_SIGN_STYLE = Automatic;
				DEVELOPMENT_TEAM = 3D5DSM2U3L;
				INFOPLIST_FILE = teamApp/Info.plist;
				LD_RUNPATH_SEARCH_PATHS = (
					"$(inherited)",
					"@executable_path/Frameworks",
				);
				PRODUCT_BUNDLE_IDENTIFIER = com.lider.teamApp;
				PRODUCT_NAME = "$(TARGET_NAME)";
				SWIFT_VERSION = 5.0;
				TARGETED_DEVICE_FAMILY = 1;
			};
			name = Release;
		};
/* End XCBuildConfiguration section */

/* Begin XCConfigurationList section */
		ABF2936C25548FC300C997D7 /* Build configuration list for PBXProject "teamApp" */ = {
			isa = XCConfigurationList;
			buildConfigurations = (
				ABF2938325548FC500C997D7 /* Debug */,
				ABF2938425548FC500C997D7 /* Release */,
			);
			defaultConfigurationIsVisible = 0;
			defaultConfigurationName = Release;
		};
		ABF2938525548FC500C997D7 /* Build configuration list for PBXNativeTarget "teamApp" */ = {
			isa = XCConfigurationList;
			buildConfigurations = (
				ABF2938625548FC500C997D7 /* Debug */,
				ABF2938725548FC500C997D7 /* Release */,
			);
			defaultConfigurationIsVisible = 0;
			defaultConfigurationName = Release;
		};
/* End XCConfigurationList section */
	};
	rootObject = ABF2936925548FC300C997D7 /* Project object */;
}
